
Microsoft Visual Studio Solution File, Format Version 12.00
Project("{FAE04EC0-301F-11D3-BF4B-00C04F79EFBC}") = "ExcelReader.Console", "ExcelReader.Console\ExcelReader.Console.csproj", "{18BCED5B-042C-46ED-87D8-748B57D42EA6}"
EndProject
Project("{FAE04EC0-301F-11D3-BF4B-00C04F79EFBC}") = "ExcelReader.Core", "ExcelReader.Core\ExcelReader.Core.csproj", "{1239D617-B6BE-4662-AC53-5A50E9B4A61B}"
EndProject
Global
	GlobalSection(SolutionConfigurationPlatforms) = preSolution
		Debug|Any CPU = Debug|Any CPU
		Release|Any CPU = Release|Any CPU
	EndGlobalSection
	GlobalSection(ProjectConfigurationPlatforms) = postSolution
		{18BCED5B-042C-46ED-87D8-748B57D42EA6}.Debug|Any CPU.ActiveCfg = Debug|Any CPU
		{18BCED5B-042C-46ED-87D8-748B57D42EA6}.Debug|Any CPU.Build.0 = Debug|Any CPU
		{18BCED5B-042C-46ED-87D8-748B57D42EA6}.Release|Any CPU.ActiveCfg = Release|Any CPU
		{18BCED5B-042C-46ED-87D8-748B57D42EA6}.Release|Any CPU.Build.0 = Release|Any CPU
		{1239D617-B6BE-4662-AC53-5A50E9B4A61B}.Debug|Any CPU.ActiveCfg = Debug|Any CPU
		{1239D617-B6BE-4662-AC53-5A50E9B4A61B}.Debug|Any CPU.Build.0 = Debug|Any CPU
		{1239D617-B6BE-4662-AC53-5A50E9B4A61B}.Release|Any CPU.ActiveCfg = Release|Any CPU
		{1239D617-B6BE-4662-AC53-5A50E9B4A61B}.Release|Any CPU.Build.0 = Release|Any CPU
	EndGlobalSection
EndGlobal
